
Microsoft Visual Studio Solution File, Format Version 12.00
# Visual Studio 15
Project("{FAE04EC0-301F-11D3-BF4B-00C04F79EFBC}") = "Proyecto Aludel", "Assembly-CSharp-firstpass.csproj", "{5E1B9B6E-5A74-57B7-EA70-728AF553BD5E}"
EndProject
Project("{FAE04EC0-301F-11D3-BF4B-00C04F79EFBC}") = "Proyecto Aludel", "Assembly-CSharp.csproj", "{29712024-343D-B04B-2C4F-B5CF397CCE01}"
EndProject
Project("{FAE04EC0-301F-11D3-BF4B-00C04F79EFBC}") = "Proyecto Aludel", "Assembly-CSharp-Editor-firstpass.csproj", "{AEF3228B-E671-4324-A816-A1AAFE750879}"
EndProject
Global
	GlobalSection(SolutionConfigurationPlatforms) = preSolution
		Debug|Any CPU = Debug|Any CPU
		Release|Any CPU = Release|Any CPU
	EndGlobalSection
	GlobalSection(ProjectConfigurationPlatforms) = postSolution
		{5E1B9B6E-5A74-57B7-EA70-728AF553BD5E}.Debug|Any CPU.ActiveCfg = Debug|Any CPU
		{5E1B9B6E-5A74-57B7-EA70-728AF553BD5E}.Debug|Any CPU.Build.0 = Debug|Any CPU
		{5E1B9B6E-5A74-57B7-EA70-728AF553BD5E}.Release|Any CPU.ActiveCfg = Release|Any CPU
		{5E1B9B6E-5A74-57B7-EA70-728AF553BD5E}.Release|Any CPU.Build.0 = Release|Any CPU
		{29712024-343D-B04B-2C4F-B5CF397CCE01}.Debug|Any CPU.ActiveCfg = Debug|Any CPU
		{29712024-343D-B04B-2C4F-B5CF397CCE01}.Debug|Any CPU.Build.0 = Debug|Any CPU
		{29712024-343D-B04B-2C4F-B5CF397CCE01}.Release|Any CPU.ActiveCfg = Release|Any CPU
		{29712024-343D-B04B-2C4F-B5CF397CCE01}.Release|Any CPU.Build.0 = Release|Any CPU
		{AEF3228B-E671-4324-A816-A1AAFE750879}.Debug|Any CPU.ActiveCfg = Debug|Any CPU
		{AEF3228B-E671-4324-A816-A1AAFE750879}.Debug|Any CPU.Build.0 = Debug|Any CPU
		{AEF3228B-E671-4324-A816-A1AAFE750879}.Release|Any CPU.ActiveCfg = Release|Any CPU
		{AEF3228B-E671-4324-A816-A1AAFE750879}.Release|Any CPU.Build.0 = Release|Any CPU
	EndGlobalSection
	GlobalSection(SolutionProperties) = preSolution
		HideSolutionNode = FALSE
	EndGlobalSection
EndGlobal
